
Microsoft Visual Studio Solution File, Format Version 12.00
# Visual Studio Version 17
VisualStudioVersion = 17.0.31912.275
MinimumVisualStudioVersion = 10.0.40219.1
Project("{FAE04EC0-301F-11D3-BF4B-00C04F79EFBC}") = "Discord Token Checker", "Discord Token Checker\Discord Token Checker.csproj", "{7CC480F6-5F45-4EA5-B27A-039000F7C6DC}"
EndProject
Global
	GlobalSection(SolutionConfigurationPlatforms) = preSolution
		Debug|Any CPU = Debug|Any CPU
		Release|Any CPU = Release|Any CPU
	EndGlobalSection
	GlobalSection(ProjectConfigurationPlatforms) = postSolution
		{7CC480F6-5F45-4EA5-B27A-039000F7C6DC}.Debug|Any CPU.ActiveCfg = Debug|Any CPU
		{7CC480F6-5F45-4EA5-B27A-039000F7C6DC}.Debug|Any CPU.Build.0 = Debug|Any CPU
		{7CC480F6-5F45-4EA5-B27A-039000F7C6DC}.Release|Any CPU.ActiveCfg = Release|Any CPU
		{7CC480F6-5F45-4EA5-B27A-039000F7C6DC}.Release|Any CPU.Build.0 = Release|Any CPU
	EndGlobalSection
	GlobalSection(SolutionProperties) = preSolution
		HideSolutionNode = FALSE
	EndGlobalSection
	GlobalSection(ExtensibilityGlobals) = postSolution
		SolutionGuid = {4B9B0650-EEE3-4A91-83BC-6C6DB55AF1F5}
	EndGlobalSection
EndGlobal
